
Microsoft Visual Studio Solution File, Format Version 12.00
# Visual Studio 15
Project("{FAE04EC0-301F-11D3-BF4B-00C04F79EFBC}") = "FibonacciSequence", "FibonacciSequence\FibonacciSequence.csproj", "{7548B211-913D-409F-988A-CDD92798C853}"
EndProject
Global
	GlobalSection(SolutionConfigurationPlatforms) = preSolution
		Debug|anycpu = Debug|anycpu
		Release|anycpu = Release|anycpu
	EndGlobalSection
	GlobalSection(ProjectConfigurationPlatforms) = postSolution
		{7548B211-913D-409F-988A-CDD92798C853}.Debug|anycpu.ActiveCfg = Debug|anycpu
		{7548B211-913D-409F-988A-CDD92798C853}.Debug|anycpu.Build.0 = Debug|anycpu
		{7548B211-913D-409F-988A-CDD92798C853}.Release|anycpu.ActiveCfg = Release|anycpu
		{7548B211-913D-409F-988A-CDD92798C853}.Release|anycpu.Build.0 = Release|anycpu
	EndGlobalSection
EndGlobal
